# THIS IS AN AUTOGENERATED FILE. DO NOT EDIT THIS FILE DIRECTLY.
# yarn lockfile v1


"@iconify/react@^5.0.2":
  version "5.0.2"
  resolved "https://registry.yarnpkg.com/@iconify/react/-/react-5.0.2.tgz#03d6aa43ed22737451a5d087b00b26b3e6e6895a"
  integrity sha512-wtmstbYlEbo4NDxFxBJkhkf9gJBDqMGr7FaqLrAUMneRV3Z+fVHLJjOhWbkAF8xDQNFC/wcTYdrWo1lnRhmagQ==
  dependencies:
    "@iconify/types" "^2.0.0"

"@iconify/types@^2.0.0":
  version "2.0.0"
  resolved "https://registry.yarnpkg.com/@iconify/types/-/types-2.0.0.tgz#ab0e9ea681d6c8a1214f30cd741fe3a20cc57f57"
  integrity sha512-+wluvCrRhXrhyOmRDJ3q8mux9JkKy5SJ/v8ol2tu4FVjyYvtEzkc/3pK15ET6RKg4b4w4BmTk1+gsCUhf21Ykg==

react-firebase-hooks@^5.1.1:
  version "5.1.1"
  resolved "https://registry.yarnpkg.com/react-firebase-hooks/-/react-firebase-hooks-5.1.1.tgz#fc92bb4b860c6753c806583f64d7f069b6ee6785"
  integrity sha512-y2UpWs82xs+39q5Rc/wq316ca52QsC0n8m801V+yM4IC4hbfOL4yQPVSh7w+ydstdvjN9F+lvs1WrO2VYxpmdA==
